// !$*UTF8*$!
{
	archiveVersion = 1;
	classes = {
	};
	objectVersion = 56;
	objects = {

/* Begin PBXBuildFile section */
		408F136D2CBC538C008D8FF8 /* CapXApp.swift in Sources */ = {isa = PBXBuildFile; fileRef = 408F136C2CBC538C008D8FF8 /* CapXApp.swift */; };
		408F136F2CBC538C008D8FF8 /* ContentView.swift in Sources */ = {isa = PBXBuildFile; fileRef = 408F136E2CBC538C008D8FF8 /* ContentView.swift */; };
		408F13712CBC538E008D8FF8 /* Assets.xcassets in Resources */ = {isa = PBXBuildFile; fileRef = 408F13702CBC538E008D8FF8 /* Assets.xcassets */; };
		408F13742CBC538E008D8FF8 /* Preview Assets.xcassets in Resources */ = {isa = PBXBuildFile; fileRef = 408F13732CBC538E008D8FF8 /* Preview Assets.xcassets */; };
		408F137E2CBC538F008D8FF8 /* CapXTests.swift in Sources */ = {isa = PBXBuildFile; fileRef = 408F137D2CBC538F008D8FF8 /* CapXTests.swift */; };
		408F13882CBC538F008D8FF8 /* CapXUITests.swift in Sources */ = {isa = PBXBuildFile; fileRef = 408F13872CBC538F008D8FF8 /* CapXUITests.swift */; };
		408F138A2CBC538F008D8FF8 /* CapXUITestsLaunchTests.swift in Sources */ = {isa = PBXBuildFile; fileRef = 408F13892CBC538F008D8FF8 /* CapXUITestsLaunchTests.swift */; };
/* End PBXBuildFile section */

/* Begin PBXContainerItemProxy section */
		408F137A2CBC538E008D8FF8 /* PBXContainerItemProxy */ = {
			isa = PBXContainerItemProxy;
			containerPortal = 408F13612CBC538C008D8FF8 /* Project object */;
			proxyType = 1;
			remoteGlobalIDString = 408F13682CBC538C008D8FF8;
			remoteInfo = CapX;
		};
		408F13842CBC538F008D8FF8 /* PBXContainerItemProxy */ = {
			isa = PBXContainerItemProxy;
			containerPortal = 408F13612CBC538C008D8FF8 /* Project object */;
			proxyType = 1;
			remoteGlobalIDString = 408F13682CBC538C008D8FF8;
			remoteInfo = CapX;
		};
/* End PBXContainerItemProxy section */

/* Begin PBXFileReference section */
		408F13692CBC538C008D8FF8 /* CapX.app */ = {isa = PBXFileReference; explicitFileType = wrapper.application; includeInIndex = 0; path = CapX.app; sourceTree = BUILT_PRODUCTS_DIR; };
		408F136C2CBC538C008D8FF8 /* CapXApp.swift */ = {isa = PBXFileReference; lastKnownFileType = sourcecode.swift; path = CapXApp.swift; sourceTree = "<group>"; };
		408F136E2CBC538C008D8FF8 /* ContentView.swift */ = {isa = PBXFileReference; lastKnownFileType = sourcecode.swift; path = ContentView.swift; sourceTree = "<group>"; };
		408F13702CBC538E008D8FF8 /* Assets.xcassets */ = {isa = PBXFileReference; lastKnownFileType = folder.assetcatalog; path = Assets.xcassets; sourceTree = "<group>"; };
		408F13732CBC538E008D8FF8 /* Preview Assets.xcassets */ = {isa = PBXFileReference; lastKnownFileType = folder.assetcatalog; path = "Preview Assets.xcassets"; sourceTree = "<group>"; };
		408F13792CBC538E008D8FF8 /* CapXTests.xctest */ = {isa = PBXFileReference; explicitFileType = wrapper.cfbundle; includeInIndex = 0; path = CapXTests.xctest; sourceTree = BUILT_PRODUCTS_DIR; };
		408F137D2CBC538F008D8FF8 /* CapXTests.swift */ = {isa = PBXFileReference; lastKnownFileType = sourcecode.swift; path = CapXTests.swift; sourceTree = "<group>"; };
		408F13832CBC538F008D8FF8 /* CapXUITests.xctest */ = {isa = PBXFileReference; explicitFileType = wrapper.cfbundle; includeInIndex = 0; path = CapXUITests.xctest; sourceTree = BUILT_PRODUCTS_DIR; };
		408F13872CBC538F008D8FF8 /* CapXUITests.swift */ = {isa = PBXFileReference; lastKnownFileType = sourcecode.swift; path = CapXUITests.swift; sourceTree = "<group>"; };
		408F13892CBC538F008D8FF8 /* CapXUITestsLaunchTests.swift */ = {isa = PBXFileReference; lastKnownFileType = sourcecode.swift; path = CapXUITestsLaunchTests.swift; sourceTree = "<group>"; };
/* End PBXFileReference section */

/* Begin PBXFrameworksBuildPhase section */
		408F13662CBC538C008D8FF8 /* Frameworks */ = {
			isa = PBXFrameworksBuildPhase;
			buildActionMask = 2147483647;
			files = (
			);
			runOnlyForDeploymentPostprocessing = 0;
		};
		408F13762CBC538E008D8FF8 /* Frameworks */ = {
			isa = PBXFrameworksBuildPhase;
			buildActionMask = 2147483647;
			files = (
			);
			runOnlyForDeploymentPostprocessing = 0;
		};
		408F13802CBC538F008D8FF8 /* Frameworks */ = {
			isa = PBXFrameworksBuildPhase;
			buildActionMask = 2147483647;
			files = (
			);
			runOnlyForDeploymentPostprocessing = 0;
		};
/* End PBXFrameworksBuildPhase section */

/* Begin PBXGroup section */
		408F13602CBC538C008D8FF8 = {
			isa = PBXGroup;
			children = (
				408F136B2CBC538C008D8FF8 /* CapX */,
				408F137C2CBC538F008D8FF8 /* CapXTests */,
				408F13862CBC538F008D8FF8 /* CapXUITests */,
				408F136A2CBC538C008D8FF8 /* Products */,
			);
			sourceTree = "<group>";
		};
		408F136A2CBC538C008D8FF8 /* Products */ = {
			isa = PBXGroup;
			children = (
				408F13692CBC538C008D8FF8 /* CapX.app */,
				408F13792CBC538E008D8FF8 /* CapXTests.xctest */,
				408F13832CBC538F008D8FF8 /* CapXUITests.xctest */,
			);
			name = Products;
			sourceTree = "<group>";
		};
		408F136B2CBC538C008D8FF8 /* CapX */ = {
			isa = PBXGroup;
			children = (
				408F136C2CBC538C008D8FF8 /* CapXApp.swift */,
				408F136E2CBC538C008D8FF8 /* ContentView.swift */,
				408F13702CBC538E008D8FF8 /* Assets.xcassets */,
				408F13722CBC538E008D8FF8 /* Preview Content */,
			);
			path = CapX;
			sourceTree = "<group>";
		};
		408F13722CBC538E008D8FF8 /* Preview Content */ = {
			isa = PBXGroup;
			children = (
				408F13732CBC538E008D8FF8 /* Preview Assets.xcassets */,
			);
			path = "Preview Content";
			sourceTree = "<group>";
		};
		408F137C2CBC538F008D8FF8 /* CapXTests */ = {
			isa = PBXGroup;
			children = (
				408F137D2CBC538F008D8FF8 /* CapXTests.swift */,
			);
			path = CapXTests;
			sourceTree = "<group>";
		};
		408F13862CBC538F008D8FF8 /* CapXUITests */ = {
			isa = PBXGroup;
			children = (
				408F13872CBC538F008D8FF8 /* CapXUITests.swift */,
				408F13892CBC538F008D8FF8 /* CapXUITestsLaunchTests.swift */,
			);
			path = CapXUITests;
			sourceTree = "<group>";
		};
/* End PBXGroup section */

/* Begin PBXNativeTarget section */
		408F13682CBC538C008D8FF8 /* CapX */ = {
			isa = PBXNativeTarget;
			buildConfigurationList = 408F138D2CBC538F008D8FF8 /* Build configuration list for PBXNativeTarget "CapX" */;
			buildPhases = (
				408F13652CBC538C008D8FF8 /* Sources */,
				408F13662CBC538C008D8FF8 /* Frameworks */,
				408F13672CBC538C008D8FF8 /* Resources */,
			);
			buildRules = (
			);
			dependencies = (
			);
			name = CapX;
			productName = CapX;
			productReference = 408F13692CBC538C008D8FF8 /* CapX.app */;
			productType = "com.apple.product-type.application";
		};
		408F13782CBC538E008D8FF8 /* CapXTests */ = {
			isa = PBXNativeTarget;
			buildConfigurationList = 408F13902CBC538F008D8FF8 /* Build configuration list for PBXNativeTarget "CapXTests" */;
			buildPhases = (
				408F13752CBC538E008D8FF8 /* Sources */,
				408F13762CBC538E008D8FF8 /* Frameworks */,
				408F13772CBC538E008D8FF8 /* Resources */,
			);
			buildRules = (
			);
			dependencies = (
				408F137B2CBC538E008D8FF8 /* PBXTargetDependency */,
			);
			name = CapXTests;
			productName = CapXTests;
			productReference = 408F13792CBC538E008D8FF8 /* CapXTests.xctest */;
			productType = "com.apple.product-type.bundle.unit-test";
		};
		408F13822CBC538F008D8FF8 /* CapXUITests */ = {
			isa = PBXNativeTarget;
			buildConfigurationList = 408F13932CBC538F008D8FF8 /* Build configuration list for PBXNativeTarget "CapXUITests" */;
			buildPhases = (
				408F137F2CBC538F008D8FF8 /* Sources */,
				408F13802CBC538F008D8FF8 /* Frameworks */,
				408F13812CBC538F008D8FF8 /* Resources */,
			);
			buildRules = (
			);
			dependencies = (
				408F13852CBC538F008D8FF8 /* PBXTargetDependency */,
			);
			name = CapXUITests;
			productName = CapXUITests;
			productReference = 408F13832CBC538F008D8FF8 /* CapXUITests.xctest */;
			productType = "com.apple.product-type.bundle.ui-testing";
		};
/* End PBXNativeTarget section */

/* Begin PBXProject section */
		408F13612CBC538C008D8FF8 /* Project object */ = {
			isa = PBXProject;
			attributes = {
				BuildIndependentTargetsInParallel = 1;
				LastSwiftUpdateCheck = 1540;
				LastUpgradeCheck = 1540;
				TargetAttributes = {
					408F13682CBC538C008D8FF8 = {
						CreatedOnToolsVersion = 15.4;
					};
					408F13782CBC538E008D8FF8 = {
						CreatedOnToolsVersion = 15.4;
						TestTargetID = 408F13682CBC538C008D8FF8;
					};
					408F13822CBC538F008D8FF8 = {
						CreatedOnToolsVersion = 15.4;
						TestTargetID = 408F13682CBC538C008D8FF8;
					};
				};
			};
			buildConfigurationList = 408F13642CBC538C008D8FF8 /* Build configuration list for PBXProject "CapX" */;
			compatibilityVersion = "Xcode 14.0";
			developmentRegion = en;
			hasScannedForEncodings = 0;
			knownRegions = (
				en,
				Base,
			);
			mainGroup = 408F13602CBC538C008D8FF8;
			productRefGroup = 408F136A2CBC538C008D8FF8 /* Products */;
			projectDirPath = "";
			projectRoot = "";
			targets = (
				408F13682CBC538C008D8FF8 /* CapX */,
				408F13782CBC538E008D8FF8 /* CapXTests */,
				408F13822CBC538F008D8FF8 /* CapXUITests */,
			);
		};
/* End PBXProject section */

/* Begin PBXResourcesBuildPhase section */
		408F13672CBC538C008D8FF8 /* Resources */ = {
			isa = PBXResourcesBuildPhase;
			buildActionMask = 2147483647;
			files = (
				408F13742CBC538E008D8FF8 /* Preview Assets.xcassets in Resources */,
				408F13712CBC538E008D8FF8 /* Assets.xcassets in Resources */,
			);
			runOnlyForDeploymentPostprocessing = 0;
		};
		408F13772CBC538E008D8FF8 /* Resources */ = {
			isa = PBXResourcesBuildPhase;
			buildActionMask = 2147483647;
			files = (
			);
			runOnlyForDeploymentPostprocessing = 0;
		};
		408F13812CBC538F008D8FF8 /* Resources */ = {
			isa = PBXResourcesBuildPhase;
			buildActionMask = 2147483647;
			files = (
			);
			runOnlyForDeploymentPostprocessing = 0;
		};
/* End PBXResourcesBuildPhase section */

/* Begin PBXSourcesBuildPhase section */
		408F13652CBC538C008D8FF8 /* Sources */ = {
			isa = PBXSourcesBuildPhase;
			buildActionMask = 2147483647;
			files = (
				408F136F2CBC538C008D8FF8 /* ContentView.swift in Sources */,
				408F136D2CBC538C008D8FF8 /* CapXApp.swift in Sources */,
			);
			runOnlyForDeploymentPostprocessing = 0;
		};
		408F13752CBC538E008D8FF8 /* Sources */ = {
			isa = PBXSourcesBuildPhase;
			buildActionMask = 2147483647;
			files = (
				408F137E2CBC538F008D8FF8 /* CapXTests.swift in Sources */,
			);
			runOnlyForDeploymentPostprocessing = 0;
		};
		408F137F2CBC538F008D8FF8 /* Sources */ = {
			isa = PBXSourcesBuildPhase;
			buildActionMask = 2147483647;
			files = (
				408F138A2CBC538F008D8FF8 /* CapXUITestsLaunchTests.swift in Sources */,
				408F13882CBC538F008D8FF8 /* CapXUITests.swift in Sources */,
			);
			runOnlyForDeploymentPostprocessing = 0;
		};
/* End PBXSourcesBuildPhase section */

/* Begin PBXTargetDependency section */
		408F137B2CBC538E008D8FF8 /* PBXTargetDependency */ = {
			isa = PBXTargetDependency;
			target = 408F13682CBC538C008D8FF8 /* CapX */;
			targetProxy = 408F137A2CBC538E008D8FF8 /* PBXContainerItemProxy */;
		};
		408F13852CBC538F008D8FF8 /* PBXTargetDependency */ = {
			isa = PBXTargetDependency;
			target = 408F13682CBC538C008D8FF8 /* CapX */;
			targetProxy = 408F13842CBC538F008D8FF8 /* PBXContainerItemProxy */;
		};
/* End PBXTargetDependency section */

/* Begin XCBuildConfiguration section */
		408F138B2CBC538F008D8FF8 /* Debug */ = {
			isa = XCBuildConfiguration;
			buildSettings = {
				ALWAYS_SEARCH_USER_PATHS = NO;
				ASSETCATALOG_COMPILER_GENERATE_SWIFT_ASSET_SYMBOL_EXTENSIONS = YES;
				CLANG_ANALYZER_NONNULL = YES;
				CLANG_ANALYZER_NUMBER_OBJECT_CONVERSION = YES_AGGRESSIVE;
				CLANG_CXX_LANGUAGE_STANDARD = "gnu++20";
				CLANG_ENABLE_MODULES = YES;
				CLANG_ENABLE_OBJC_ARC = YES;
				CLANG_ENABLE_OBJC_WEAK = YES;
				CLANG_WARN_BLOCK_CAPTURE_AUTORELEASING = YES;
				CLANG_WARN_BOOL_CONVERSION = YES;
				CLANG_WARN_COMMA = YES;
				CLANG_WARN_CONSTANT_CONVERSION = YES;
				CLANG_WARN_DEPRECATED_OBJC_IMPLEMENTATIONS = YES;
				CLANG_WARN_DIRECT_OBJC_ISA_USAGE = YES_ERROR;
				CLANG_WARN_DOCUMENTATION_COMMENTS = YES;
				CLANG_WARN_EMPTY_BODY = YES;
				CLANG_WARN_ENUM_CONVERSION = YES;
				CLANG_WARN_INFINITE_RECURSION = YES;
				CLANG_WARN_INT_CONVERSION = YES;
				CLANG_WARN_NON_LITERAL_NULL_CONVERSION = YES;
				CLANG_WARN_OBJC_IMPLICIT_RETAIN_SELF = YES;
				CLANG_WARN_OBJC_LITERAL_CONVERSION = YES;
				CLANG_WARN_OBJC_ROOT_CLASS = YES_ERROR;
				CLANG_WARN_QUOTED_INCLUDE_IN_FRAMEWORK_HEADER = YES;
				CLANG_WARN_RANGE_LOOP_ANALYSIS = YES;
				CLANG_WARN_STRICT_PROTOTYPES = YES;
				CLANG_WARN_SUSPICIOUS_MOVE = YES;
				CLANG_WARN_UNGUARDED_AVAILABILITY = YES_AGGRESSIVE;
				CLANG_WARN_UNREACHABLE_CODE = YES;
				CLANG_WARN__DUPLICATE_METHOD_MATCH = YES;
				COPY_PHASE_STRIP = NO;
				DEBUG_INFORMATION_FORMAT = dwarf;
				ENABLE_STRICT_OBJC_MSGSEND = YES;
				ENABLE_TESTABILITY = YES;
				ENABLE_USER_SCRIPT_SANDBOXING = YES;
				GCC_C_LANGUAGE_STANDARD = gnu17;
				GCC_DYNAMIC_NO_PIC = NO;
				GCC_NO_COMMON_BLOCKS = YES;
				GCC_OPTIMIZATION_LEVEL = 0;
				GCC_PREPROCESSOR_DEFINITIONS = (
					"DEBUG=1",
					"$(inherited)",
				);
				GCC_WARN_64_TO_32_BIT_CONVERSION = YES;
				GCC_WARN_ABOUT_RETURN_TYPE = YES_ERROR;
				GCC_WARN_UNDECLARED_SELECTOR = YES;
				GCC_WARN_UNINITIALIZED_AUTOS = YES_AGGRESSIVE;
				GCC_WARN_UNUSED_FUNCTION = YES;
				GCC_WARN_UNUSED_VARIABLE = YES;
				IPHONEOS_DEPLOYMENT_TARGET = 17.5;
				LOCALIZATION_PREFERS_STRING_CATALOGS = YES;
				MTL_ENABLE_DEBUG_INFO = INCLUDE_SOURCE;
				MTL_FAST_MATH = YES;
				ONLY_ACTIVE_ARCH = YES;
				SDKROOT = iphoneos;
				SWIFT_ACTIVE_COMPILATION_CONDITIONS = "DEBUG $(inherited)";
				SWIFT_OPTIMIZATION_LEVEL = "-Onone";
			};
			name = Debug;
		};
		408F138C2CBC538F008D8FF8 /* Release */ = {
			isa = XCBuildConfiguration;
			buildSettings = {
				ALWAYS_SEARCH_USER_PATHS = NO;
				ASSETCATALOG_COMPILER_GENERATE_SWIFT_ASSET_SYMBOL_EXTENSIONS = YES;
				CLANG_ANALYZER_NONNULL = YES;
				CLANG_ANALYZER_NUMBER_OBJECT_CONVERSION = YES_AGGRESSIVE;
				CLANG_CXX_LANGUAGE_STANDARD = "gnu++20";
				CLANG_ENABLE_MODULES = YES;
				CLANG_ENABLE_OBJC_ARC = YES;
				CLANG_ENABLE_OBJC_WEAK = YES;
				CLANG_WARN_BLOCK_CAPTURE_AUTORELEASING = YES;
				CLANG_WARN_BOOL_CONVERSION = YES;
				CLANG_WARN_COMMA = YES;
				CLANG_WARN_CONSTANT_CONVERSION = YES;
				CLANG_WARN_DEPRECATED_OBJC_IMPLEMENTATIONS = YES;
				CLANG_WARN_DIRECT_OBJC_ISA_USAGE = YES_ERROR;
				CLANG_WARN_DOCUMENTATION_COMMENTS = YES;
				CLANG_WARN_EMPTY_BODY = YES;
				CLANG_WARN_ENUM_CONVERSION = YES;
				CLANG_WARN_INFINITE_RECURSION = YES;
				CLANG_WARN_INT_CONVERSION = YES;
				CLANG_WARN_NON_LITERAL_NULL_CONVERSION = YES;
				CLANG_WARN_OBJC_IMPLICIT_RETAIN_SELF = YES;
				CLANG_WARN_OBJC_LITERAL_CONVERSION = YES;
				CLANG_WARN_OBJC_ROOT_CLASS = YES_ERROR;
				CLANG_WARN_QUOTED_INCLUDE_IN_FRAMEWORK_HEADER = YES;
				CLANG_WARN_RANGE_LOOP_ANALYSIS = YES;
				CLANG_WARN_STRICT_PROTOTYPES = YES;
				CLANG_WARN_SUSPICIOUS_MOVE = YES;
				CLANG_WARN_UNGUARDED_AVAILABILITY = YES_AGGRESSIVE;
				CLANG_WARN_UNREACHABLE_CODE = YES;
				CLANG_WARN__DUPLICATE_METHOD_MATCH = YES;
				COPY_PHASE_STRIP = NO;
				DEBUG_INFORMATION_FORMAT = "dwarf-with-dsym";
				ENABLE_NS_ASSERTIONS = NO;
				ENABLE_STRICT_OBJC_MSGSEND = YES;
				ENABLE_USER_SCRIPT_SANDBOXING = YES;
				GCC_C_LANGUAGE_STANDARD = gnu17;
				GCC_NO_COMMON_BLOCKS = YES;
				GCC_WARN_64_TO_32_BIT_CONVERSION = YES;
				GCC_WARN_ABOUT_RETURN_TYPE = YES_ERROR;
				GCC_WARN_UNDECLARED_SELECTOR = YES;
				GCC_WARN_UNINITIALIZED_AUTOS = YES_AGGRESSIVE;
				GCC_WARN_UNUSED_FUNCTION = YES;
				GCC_WARN_UNUSED_VARIABLE = YES;
				IPHONEOS_DEPLOYMENT_TARGET = 17.5;
				LOCALIZATION_PREFERS_STRING_CATALOGS = YES;
				MTL_ENABLE_DEBUG_INFO = NO;
				MTL_FAST_MATH = YES;
				SDKROOT = iphoneos;
				SWIFT_COMPILATION_MODE = wholemodule;
				VALIDATE_PRODUCT = YES;
			};
			name = Release;
		};
		408F138E2CBC538F008D8FF8 /* Debug */ = {
			isa = XCBuildConfiguration;
			buildSettings = {
				ASSETCATALOG_COMPILER_APPICON_NAME = AppIcon;
				ASSETCATALOG_COMPILER_GLOBAL_ACCENT_COLOR_NAME = AccentColor;
				CODE_SIGN_STYLE = Automatic;
				CURRENT_PROJECT_VERSION = 1;
				DEVELOPMENT_ASSET_PATHS = "\"CapX/Preview Content\"";
				DEVELOPMENT_TEAM = D5M38GX662;
				ENABLE_PREVIEWS = YES;
				GENERATE_INFOPLIST_FILE = YES;
				INFOPLIST_KEY_UIApplicationSceneManifest_Generation = YES;
				INFOPLIST_KEY_UIApplicationSupportsIndirectInputEvents = YES;
				INFOPLIST_KEY_UILaunchScreen_Generation = YES;
				INFOPLIST_KEY_UISupportedInterfaceOrientations_iPad = "UIInterfaceOrientationPortrait UIInterfaceOrientationPortraitUpsideDown UIInterfaceOrientationLandscapeLeft UIInterfaceOrientationLandscapeRight";
				INFOPLIST_KEY_UISupportedInterfaceOrientations_iPhone = "UIInterfaceOrientationPortrait UIInterfaceOrientationLandscapeLeft UIInterfaceOrientationLandscapeRight";
				LD_RUNPATH_SEARCH_PATHS = (
					"$(inherited)",
					"@executable_path/Frameworks",
				);
				MARKETING_VERSION = 1.0;
				PRODUCT_BUNDLE_IDENTIFIER = praval.CapX;
				PRODUCT_NAME = "$(TARGET_NAME)";
				SWIFT_EMIT_LOC_STRINGS = YES;
				SWIFT_VERSION = 5.0;
				TARGETED_DEVICE_FAMILY = "1,2";
			};
			name = Debug;
		};
		408F138F2CBC538F008D8FF8 /* Release */ = {
			isa = XCBuildConfiguration;
			buildSettings = {
				ASSETCATALOG_COMPILER_APPICON_NAME = AppIcon;
				ASSETCATALOG_COMPILER_GLOBAL_ACCENT_COLOR_NAME = AccentColor;
				CODE_SIGN_STYLE = Automatic;
				CURRENT_PROJECT_VERSION = 1;
				DEVELOPMENT_ASSET_PATHS = "\"CapX/Preview Content\"";
				DEVELOPMENT_TEAM = D5M38GX662;
				ENABLE_PREVIEWS = YES;
				GENERATE_INFOPLIST_FILE = YES;
				INFOPLIST_KEY_UIApplicationSceneManifest_Generation = YES;
				INFOPLIST_KEY_UIApplicationSupportsIndirectInputEvents = YES;
				INFOPLIST_KEY_UILaunchScreen_Generation = YES;
				INFOPLIST_KEY_UISupportedInterfaceOrientations_iPad = "UIInterfaceOrientationPortrait UIInterfaceOrientationPortraitUpsideDown UIInterfaceOrientationLandscapeLeft UIInterfaceOrientationLandscapeRight";
				INFOPLIST_KEY_UISupportedInterfaceOrientations_iPhone = "UIInterfaceOrientationPortrait UIInterfaceOrientationLandscapeLeft UIInterfaceOrientationLandscapeRight";
				LD_RUNPATH_SEARCH_PATHS = (
					"$(inherited)",
					"@executable_path/Frameworks",
				);
				MARKETING_VERSION = 1.0;
				PRODUCT_BUNDLE_IDENTIFIER = praval.CapX;
				PRODUCT_NAME = "$(TARGET_NAME)";
				SWIFT_EMIT_LOC_STRINGS = YES;
				SWIFT_VERSION = 5.0;
				TARGETED_DEVICE_FAMILY = "1,2";
			};
			name = Release;
		};
		408F13912CBC538F008D8FF8 /* Debug */ = {
			isa = XCBuildConfiguration;
			buildSettings = {
				ALWAYS_EMBED_SWIFT_STANDARD_LIBRARIES = YES;
				BUNDLE_LOADER = "$(TEST_HOST)";
				CODE_SIGN_STYLE = Automatic;
				CURRENT_PROJECT_VERSION = 1;
				DEVELOPMENT_TEAM = D5M38GX662;
				GENERATE_INFOPLIST_FILE = YES;
				IPHONEOS_DEPLOYMENT_TARGET = 17.5;
				MARKETING_VERSION = 1.0;
				PRODUCT_BUNDLE_IDENTIFIER = praval.CapXTests;
				PRODUCT_NAME = "$(TARGET_NAME)";
				SWIFT_EMIT_LOC_STRINGS = NO;
				SWIFT_VERSION = 5.0;
				TARGETED_DEVICE_FAMILY = "1,2";
				TEST_HOST = "$(BUILT_PRODUCTS_DIR)/CapX.app/$(BUNDLE_EXECUTABLE_FOLDER_PATH)/CapX";
			};
			name = Debug;
		};
		408F13922CBC538F008D8FF8 /* Release */ = {
			isa = XCBuildConfiguration;
			buildSettings = {
				ALWAYS_EMBED_SWIFT_STANDARD_LIBRARIES = YES;
				BUNDLE_LOADER = "$(TEST_HOST)";
				CODE_SIGN_STYLE = Automatic;
				CURRENT_PROJECT_VERSION = 1;
				DEVELOPMENT_TEAM = D5M38GX662;
				GENERATE_INFOPLIST_FILE = YES;
				IPHONEOS_DEPLOYMENT_TARGET = 17.5;
				MARKETING_VERSION = 1.0;
				PRODUCT_BUNDLE_IDENTIFIER = praval.CapXTests;
				PRODUCT_NAME = "$(TARGET_NAME)";
				SWIFT_EMIT_LOC_STRINGS = NO;
				SWIFT_VERSION = 5.0;
				TARGETED_DEVICE_FAMILY = "1,2";
				TEST_HOST = "$(BUILT_PRODUCTS_DIR)/CapX.app/$(BUNDLE_EXECUTABLE_FOLDER_PATH)/CapX";
			};
			name = Release;
		};
		408F13942CBC538F008D8FF8 /* Debug */ = {
			isa = XCBuildConfiguration;
			buildSettings = {
				ALWAYS_EMBED_SWIFT_STANDARD_LIBRARIES = YES;
				CODE_SIGN_STYLE = Automatic;
				CURRENT_PROJECT_VERSION = 1;
				DEVELOPMENT_TEAM = D5M38GX662;
				GENERATE_INFOPLIST_FILE = YES;
				MARKETING_VERSION = 1.0;
				PRODUCT_BUNDLE_IDENTIFIER = praval.CapXUITests;
				PRODUCT_NAME = "$(TARGET_NAME)";
				SWIFT_EMIT_LOC_STRINGS = NO;
				SWIFT_VERSION = 5.0;
				TARGETED_DEVICE_FAMILY = "1,2";
				TEST_TARGET_NAME = CapX;
			};
			name = Debug;
		};
		408F13952CBC538F008D8FF8 /* Release */ = {
			isa = XCBuildConfiguration;
			buildSettings = {
				ALWAYS_EMBED_SWIFT_STANDARD_LIBRARIES = YES;
				CODE_SIGN_STYLE = Automatic;
				CURRENT_PROJECT_VERSION = 1;
				DEVELOPMENT_TEAM = D5M38GX662;
				GENERATE_INFOPLIST_FILE = YES;
				MARKETING_VERSION = 1.0;
				PRODUCT_BUNDLE_IDENTIFIER = praval.CapXUITests;
				PRODUCT_NAME = "$(TARGET_NAME)";
				SWIFT_EMIT_LOC_STRINGS = NO;
				SWIFT_VERSION = 5.0;
				TARGETED_DEVICE_FAMILY = "1,2";
				TEST_TARGET_NAME = CapX;
			};
			name = Release;
		};
/* End XCBuildConfiguration section */

/* Begin XCConfigurationList section */
		408F13642CBC538C008D8FF8 /* Build configuration list for PBXProject "CapX" */ = {
			isa = XCConfigurationList;
			buildConfigurations = (
				408F138B2CBC538F008D8FF8 /* Debug */,
				408F138C2CBC538F008D8FF8 /* Release */,
			);
			defaultConfigurationIsVisible = 0;
			defaultConfigurationName = Release;
		};
		408F138D2CBC538F008D8FF8 /* Build configuration list for PBXNativeTarget "CapX" */ = {
			isa = XCConfigurationList;
			buildConfigurations = (
				408F138E2CBC538F008D8FF8 /* Debug */,
				408F138F2CBC538F008D8FF8 /* Release */,
			);
			defaultConfigurationIsVisible = 0;
			defaultConfigurationName = Release;
		};
		408F13902CBC538F008D8FF8 /* Build configuration list for PBXNativeTarget "CapXTests" */ = {
			isa = XCConfigurationList;
			buildConfigurations = (
				408F13912CBC538F008D8FF8 /* Debug */,
				408F13922CBC538F008D8FF8 /* Release */,
			);
			defaultConfigurationIsVisible = 0;
			defaultConfigurationName = Release;
		};
		408F13932CBC538F008D8FF8 /* Build configuration list for PBXNativeTarget "CapXUITests" */ = {
			isa = XCConfigurationList;
			buildConfigurations = (
				408F13942CBC538F008D8FF8 /* Debug */,
				408F13952CBC538F008D8FF8 /* Release */,
			);
			defaultConfigurationIsVisible = 0;
			defaultConfigurationName = Release;
		};
/* End XCConfigurationList section */
	};
	rootObject = 408F13612CBC538C008D8FF8 /* Project object */;
}
